
Microsoft Visual Studio Solution File, Format Version 12.00
# Visual Studio 14
VisualStudioVersion = 14.0.25420.1
MinimumVisualStudioVersion = 10.0.40219.1
Project("{FAE04EC0-301F-11D3-BF4B-00C04F79EFBC}") = "FCT.LLC.Portal.DTOs", "FCT.LLC.Portal.DTOs\FCT.LLC.Portal.DTOs.csproj", "{02F660AA-D81C-4055-A1D2-9F5A67EB720F}"
EndProject
Project("{2150E333-8FDC-42A3-9474-1A3956D46DE8}") = "Library", "Library", "{447DEC03-86CA-4F96-A0AC-DDDBE19D6F48}"
EndProject
Global
	GlobalSection(SolutionConfigurationPlatforms) = preSolution
		Debug|Any CPU = Debug|Any CPU
		Release|Any CPU = Release|Any CPU
	EndGlobalSection
	GlobalSection(ProjectConfigurationPlatforms) = postSolution
		{02F660AA-D81C-4055-A1D2-9F5A67EB720F}.Debug|Any CPU.ActiveCfg = Debug|Any CPU
		{02F660AA-D81C-4055-A1D2-9F5A67EB720F}.Debug|Any CPU.Build.0 = Debug|Any CPU
		{02F660AA-D81C-4055-A1D2-9F5A67EB720F}.Release|Any CPU.ActiveCfg = Release|Any CPU
		{02F660AA-D81C-4055-A1D2-9F5A67EB720F}.Release|Any CPU.Build.0 = Release|Any CPU
	EndGlobalSection
	GlobalSection(SolutionProperties) = preSolution
		HideSolutionNode = FALSE
	EndGlobalSection
	GlobalSection(TeamFoundationVersionControl) = preSolution
		SccNumberOfProjects = 2
		SccEnterpriseProvider = {4CA58AB2-18FA-4F8D-95D4-32DDF27D184C}
		SccTeamFoundationServer = http://tfs.firstcdn.com:8080/tfs/main
		SccLocalPath0 = .
		SccProjectUniqueName1 = FCT.LLC.Portal.DTOs\\FCT.LLC.Portal.DTOs.csproj
		SccProjectName1 = FCT.LLC.Portal.DTOs
		SccLocalPath1 = FCT.LLC.Portal.DTOs
	EndGlobalSection
EndGlobal
