
Microsoft Visual Studio Solution File, Format Version 12.00
# Visual Studio 2012
Project("{FAE04EC0-301F-11D3-BF4B-00C04F79EFBC}") = "Phoneword", "Phoneword.csproj", "{CC7FE466-26CC-4E24-A533-C6C465F03A43}"
EndProject
Project("{FAE04EC0-301F-11D3-BF4B-00C04F79EFBC}") = "Phoneword.UITests", "Phoneword.UITests\Phoneword.UITests.csproj", "{F09EBA7D-C60D-4AB6-9542-6A8E7DEB3607}"
EndProject
Global
	GlobalSection(SolutionConfigurationPlatforms) = preSolution
		Debug|Any CPU = Debug|Any CPU
		Release|Any CPU = Release|Any CPU
	EndGlobalSection
	GlobalSection(ProjectConfigurationPlatforms) = postSolution
		{CC7FE466-26CC-4E24-A533-C6C465F03A43}.Debug|Any CPU.ActiveCfg = Debug|Any CPU
		{CC7FE466-26CC-4E24-A533-C6C465F03A43}.Debug|Any CPU.Build.0 = Debug|Any CPU
		{CC7FE466-26CC-4E24-A533-C6C465F03A43}.Release|Any CPU.ActiveCfg = Release|Any CPU
		{CC7FE466-26CC-4E24-A533-C6C465F03A43}.Release|Any CPU.Build.0 = Release|Any CPU
		{F09EBA7D-C60D-4AB6-9542-6A8E7DEB3607}.Debug|Any CPU.ActiveCfg = Debug|Any CPU
		{F09EBA7D-C60D-4AB6-9542-6A8E7DEB3607}.Debug|Any CPU.Build.0 = Debug|Any CPU
		{F09EBA7D-C60D-4AB6-9542-6A8E7DEB3607}.Release|Any CPU.ActiveCfg = Release|Any CPU
		{F09EBA7D-C60D-4AB6-9542-6A8E7DEB3607}.Release|Any CPU.Build.0 = Release|Any CPU
	EndGlobalSection
EndGlobal
