
Microsoft Visual Studio Solution File, Format Version 12.00
# Visual Studio 2013
VisualStudioVersion = 12.0.30723.0
MinimumVisualStudioVersion = 10.0.40219.1
Project("{FAE04EC0-301F-11D3-BF4B-00C04F79EFBC}") = "AwesomeAngularMVCApp", "AwesomeAngularMVCApp\AwesomeAngularMVCApp.csproj", "{E7323656-5BDD-43D8-A174-11DB0E959B86}"
EndProject
Project("{FAE04EC0-301F-11D3-BF4B-00C04F79EFBC}") = "AwesomeAngularMVCApp_01", "AwesomeAngularMVCApp_01\AwesomeAngularMVCApp_01.csproj", "{FC0A5098-A938-46F6-A514-B4F5F664F86B}"
EndProject
Project("{FAE04EC0-301F-11D3-BF4B-00C04F79EFBC}") = "AwesomeAngularMVCApp_02", "AwesomeAngularMVCApp_02\AwesomeAngularMVCApp_02.csproj", "{D2764285-F60D-41B6-8467-B5A7795F70E2}"
EndProject
Global
	GlobalSection(TeamFoundationVersionControl) = preSolution
		SccNumberOfProjects = 4
		SccEnterpriseProvider = {4CA58AB2-18FA-4F8D-95D4-32DDF27D184C}
		SccTeamFoundationServer = https://ygrinev.visualstudio.com/defaultcollection
		SccLocalPath0 = .
		SccProjectUniqueName1 = AwesomeAngularMVCApp\\AwesomeAngularMVCApp.csproj
		SccProjectName1 = AwesomeAngularMVCApp
		SccLocalPath1 = AwesomeAngularMVCApp
		SccProjectUniqueName2 = AwesomeAngularMVCApp_01\\AwesomeAngularMVCApp_01.csproj
		SccProjectName2 = AwesomeAngularMVCApp_01
		SccLocalPath2 = AwesomeAngularMVCApp_01
		SccProjectUniqueName3 = AwesomeAngularMVCApp_02\\AwesomeAngularMVCApp_02.csproj
		SccProjectName3 = AwesomeAngularMVCApp_02
		SccLocalPath3 = AwesomeAngularMVCApp_02
	EndGlobalSection
	GlobalSection(SolutionConfigurationPlatforms) = preSolution
		Debug|Any CPU = Debug|Any CPU
		Release|Any CPU = Release|Any CPU
	EndGlobalSection
	GlobalSection(ProjectConfigurationPlatforms) = postSolution
		{E7323656-5BDD-43D8-A174-11DB0E959B86}.Debug|Any CPU.ActiveCfg = Debug|Any CPU
		{E7323656-5BDD-43D8-A174-11DB0E959B86}.Debug|Any CPU.Build.0 = Debug|Any CPU
		{E7323656-5BDD-43D8-A174-11DB0E959B86}.Release|Any CPU.ActiveCfg = Release|Any CPU
		{E7323656-5BDD-43D8-A174-11DB0E959B86}.Release|Any CPU.Build.0 = Release|Any CPU
		{FC0A5098-A938-46F6-A514-B4F5F664F86B}.Debug|Any CPU.ActiveCfg = Debug|Any CPU
		{FC0A5098-A938-46F6-A514-B4F5F664F86B}.Debug|Any CPU.Build.0 = Debug|Any CPU
		{FC0A5098-A938-46F6-A514-B4F5F664F86B}.Release|Any CPU.ActiveCfg = Release|Any CPU
		{FC0A5098-A938-46F6-A514-B4F5F664F86B}.Release|Any CPU.Build.0 = Release|Any CPU
		{D2764285-F60D-41B6-8467-B5A7795F70E2}.Debug|Any CPU.ActiveCfg = Debug|Any CPU
		{D2764285-F60D-41B6-8467-B5A7795F70E2}.Debug|Any CPU.Build.0 = Debug|Any CPU
		{D2764285-F60D-41B6-8467-B5A7795F70E2}.Release|Any CPU.ActiveCfg = Release|Any CPU
		{D2764285-F60D-41B6-8467-B5A7795F70E2}.Release|Any CPU.Build.0 = Release|Any CPU
	EndGlobalSection
	GlobalSection(SolutionProperties) = preSolution
		HideSolutionNode = FALSE
	EndGlobalSection
EndGlobal
